// !$*UTF8*$!
{
	archiveVersion = 1;
	classes = {
	};
	objectVersion = 56;
	objects = {

/* Begin PBXBuildFile section */
		098FB662B9682B2749B730B9 /* Pods_ChatGPT_Mobile.framework in Frameworks */ = {isa = PBXBuildFile; fileRef = 61B540CB1766B20C201D8D49 /* Pods_ChatGPT_Mobile.framework */; };
		8925F79829E19F0A00411E1C /* ChatGPT_MobileApp.swift in Sources */ = {isa = PBXBuildFile; fileRef = 8925F79729E19F0A00411E1C /* ChatGPT_MobileApp.swift */; };
		8925F79A29E19F0A00411E1C /* ContentView.swift in Sources */ = {isa = PBXBuildFile; fileRef = 8925F79929E19F0A00411E1C /* ContentView.swift */; };
		8925F79C29E19F0C00411E1C /* Assets.xcassets in Resources */ = {isa = PBXBuildFile; fileRef = 8925F79B29E19F0C00411E1C /* Assets.xcassets */; };
		8925F7A029E19F0C00411E1C /* Preview Assets.xcassets in Resources */ = {isa = PBXBuildFile; fileRef = 8925F79F29E19F0C00411E1C /* Preview Assets.xcassets */; };
		8925F7A829E1A33600411E1C /* OpenAI in Frameworks */ = {isa = PBXBuildFile; productRef = 8925F7A729E1A33600411E1C /* OpenAI */; };
		8925F7AB29E1A3A700411E1C /* ChatGPTMobileViewModel.swift in Sources */ = {isa = PBXBuildFile; fileRef = 8925F7AA29E1A3A700411E1C /* ChatGPTMobileViewModel.swift */; };
		8925F7AE29E1A93300411E1C /* ChatView.swift in Sources */ = {isa = PBXBuildFile; fileRef = 8925F7AD29E1A93300411E1C /* ChatView.swift */; };
		8925F7B029E1E60F00411E1C /* ImageView.swift in Sources */ = {isa = PBXBuildFile; fileRef = 8925F7AF29E1E60F00411E1C /* ImageView.swift */; };
		8939B49129E4AA5300AC5D86 /* ImageSaver.swift in Sources */ = {isa = PBXBuildFile; fileRef = 8939B49029E4AA5300AC5D86 /* ImageSaver.swift */; };
		896C307A29E2F09B009EDCAB /* RequestField.swift in Sources */ = {isa = PBXBuildFile; fileRef = 896C307929E2F09B009EDCAB /* RequestField.swift */; };
		896C307C29E2F36F009EDCAB /* Downloader.swift in Sources */ = {isa = PBXBuildFile; fileRef = 896C307B29E2F36F009EDCAB /* Downloader.swift */; };
		896C307E29E31483009EDCAB /* MessageView.swift in Sources */ = {isa = PBXBuildFile; fileRef = 896C307D29E31483009EDCAB /* MessageView.swift */; };
		89B169FE29E804270004D00E /* loading.json in Resources */ = {isa = PBXBuildFile; fileRef = 89B169FD29E804270004D00E /* loading.json */; };
		89B16A0029E804530004D00E /* LottieView.swift in Sources */ = {isa = PBXBuildFile; fileRef = 89B169FF29E804530004D00E /* LottieView.swift */; };
		89B16A0229E814540004D00E /* 99109-loading.json in Resources */ = {isa = PBXBuildFile; fileRef = 89B16A0129E814540004D00E /* 99109-loading.json */; };
/* End PBXBuildFile section */

/* Begin PBXFileReference section */
		03C3F243DF54AE520F147B61 /* Pods-ChatGPT Mobile.release.xcconfig */ = {isa = PBXFileReference; includeInIndex = 1; lastKnownFileType = text.xcconfig; name = "Pods-ChatGPT Mobile.release.xcconfig"; path = "Target Support Files/Pods-ChatGPT Mobile/Pods-ChatGPT Mobile.release.xcconfig"; sourceTree = "<group>"; };
		61B540CB1766B20C201D8D49 /* Pods_ChatGPT_Mobile.framework */ = {isa = PBXFileReference; explicitFileType = wrapper.framework; includeInIndex = 0; path = Pods_ChatGPT_Mobile.framework; sourceTree = BUILT_PRODUCTS_DIR; };
		645DAA942BF592F7196181ED /* Pods-ChatGPT Mobile.debug.xcconfig */ = {isa = PBXFileReference; includeInIndex = 1; lastKnownFileType = text.xcconfig; name = "Pods-ChatGPT Mobile.debug.xcconfig"; path = "Target Support Files/Pods-ChatGPT Mobile/Pods-ChatGPT Mobile.debug.xcconfig"; sourceTree = "<group>"; };
		8925F79429E19F0A00411E1C /* ChatGPT Mobile.app */ = {isa = PBXFileReference; explicitFileType = wrapper.application; includeInIndex = 0; path = "ChatGPT Mobile.app"; sourceTree = BUILT_PRODUCTS_DIR; };
		8925F79729E19F0A00411E1C /* ChatGPT_MobileApp.swift */ = {isa = PBXFileReference; lastKnownFileType = sourcecode.swift; path = ChatGPT_MobileApp.swift; sourceTree = "<group>"; };
		8925F79929E19F0A00411E1C /* ContentView.swift */ = {isa = PBXFileReference; lastKnownFileType = sourcecode.swift; path = ContentView.swift; sourceTree = "<group>"; };
		8925F79B29E19F0C00411E1C /* Assets.xcassets */ = {isa = PBXFileReference; lastKnownFileType = folder.assetcatalog; path = Assets.xcassets; sourceTree = "<group>"; };
		8925F79D29E19F0C00411E1C /* ChatGPT_Mobile.entitlements */ = {isa = PBXFileReference; lastKnownFileType = text.plist.entitlements; path = ChatGPT_Mobile.entitlements; sourceTree = "<group>"; };
		8925F79F29E19F0C00411E1C /* Preview Assets.xcassets */ = {isa = PBXFileReference; lastKnownFileType = folder.assetcatalog; path = "Preview Assets.xcassets"; sourceTree = "<group>"; };
		8925F7AA29E1A3A700411E1C /* ChatGPTMobileViewModel.swift */ = {isa = PBXFileReference; lastKnownFileType = sourcecode.swift; path = ChatGPTMobileViewModel.swift; sourceTree = "<group>"; };
		8925F7AD29E1A93300411E1C /* ChatView.swift */ = {isa = PBXFileReference; lastKnownFileType = sourcecode.swift; path = ChatView.swift; sourceTree = "<group>"; };
		8925F7AF29E1E60F00411E1C /* ImageView.swift */ = {isa = PBXFileReference; lastKnownFileType = sourcecode.swift; path = ImageView.swift; sourceTree = "<group>"; };
		8939B48F29E4A9EE00AC5D86 /* ChatGPT-Mobile-Info.plist */ = {isa = PBXFileReference; lastKnownFileType = text.plist; path = "ChatGPT-Mobile-Info.plist"; sourceTree = SOURCE_ROOT; };
		8939B49029E4AA5300AC5D86 /* ImageSaver.swift */ = {isa = PBXFileReference; lastKnownFileType = sourcecode.swift; path = ImageSaver.swift; sourceTree = "<group>"; };
		896C307929E2F09B009EDCAB /* RequestField.swift */ = {isa = PBXFileReference; lastKnownFileType = sourcecode.swift; path = RequestField.swift; sourceTree = "<group>"; };
		896C307B29E2F36F009EDCAB /* Downloader.swift */ = {isa = PBXFileReference; lastKnownFileType = sourcecode.swift; path = Downloader.swift; sourceTree = "<group>"; };
		896C307D29E31483009EDCAB /* MessageView.swift */ = {isa = PBXFileReference; lastKnownFileType = sourcecode.swift; path = MessageView.swift; sourceTree = "<group>"; };
		89B169FD29E804270004D00E /* loading.json */ = {isa = PBXFileReference; fileEncoding = 4; lastKnownFileType = text.json; path = loading.json; sourceTree = "<group>"; };
		89B169FF29E804530004D00E /* LottieView.swift */ = {isa = PBXFileReference; lastKnownFileType = sourcecode.swift; path = LottieView.swift; sourceTree = "<group>"; };
		89B16A0129E814540004D00E /* 99109-loading.json */ = {isa = PBXFileReference; fileEncoding = 4; lastKnownFileType = text.json; path = "99109-loading.json"; sourceTree = "<group>"; };
/* End PBXFileReference section */

/* Begin PBXFrameworksBuildPhase section */
		8925F79129E19F0A00411E1C /* Frameworks */ = {
			isa = PBXFrameworksBuildPhase;
			buildActionMask = 2147483647;
			files = (
				8925F7A829E1A33600411E1C /* OpenAI in Frameworks */,
				098FB662B9682B2749B730B9 /* Pods_ChatGPT_Mobile.framework in Frameworks */,
			);
			runOnlyForDeploymentPostprocessing = 0;
		};
/* End PBXFrameworksBuildPhase section */

/* Begin PBXGroup section */
		3DF7A2C0B9D0A29E7CA7BC33 /* Frameworks */ = {
			isa = PBXGroup;
			children = (
				61B540CB1766B20C201D8D49 /* Pods_ChatGPT_Mobile.framework */,
			);
			name = Frameworks;
			sourceTree = "<group>";
		};
		8925F78B29E19F0A00411E1C = {
			isa = PBXGroup;
			children = (
				8925F79629E19F0A00411E1C /* ChatGPT Mobile */,
				8925F79529E19F0A00411E1C /* Products */,
				C7935A2D9A0FF35BECB05560 /* Pods */,
				3DF7A2C0B9D0A29E7CA7BC33 /* Frameworks */,
			);
			sourceTree = "<group>";
		};
		8925F79529E19F0A00411E1C /* Products */ = {
			isa = PBXGroup;
			children = (
				8925F79429E19F0A00411E1C /* ChatGPT Mobile.app */,
			);
			name = Products;
			sourceTree = "<group>";
		};
		8925F79629E19F0A00411E1C /* ChatGPT Mobile */ = {
			isa = PBXGroup;
			children = (
				8939B48F29E4A9EE00AC5D86 /* ChatGPT-Mobile-Info.plist */,
				8925F7AC29E1A91A00411E1C /* View */,
				8925F7A929E1A38400411E1C /* View Model */,
				8925F79729E19F0A00411E1C /* ChatGPT_MobileApp.swift */,
				8925F79929E19F0A00411E1C /* ContentView.swift */,
				8925F79B29E19F0C00411E1C /* Assets.xcassets */,
				8925F79D29E19F0C00411E1C /* ChatGPT_Mobile.entitlements */,
				8925F79E29E19F0C00411E1C /* Preview Content */,
			);
			path = "ChatGPT Mobile";
			sourceTree = "<group>";
		};
		8925F79E29E19F0C00411E1C /* Preview Content */ = {
			isa = PBXGroup;
			children = (
				8925F79F29E19F0C00411E1C /* Preview Assets.xcassets */,
			);
			path = "Preview Content";
			sourceTree = "<group>";
		};
		8925F7A929E1A38400411E1C /* View Model */ = {
			isa = PBXGroup;
			children = (
				8925F7AA29E1A3A700411E1C /* ChatGPTMobileViewModel.swift */,
				896C307B29E2F36F009EDCAB /* Downloader.swift */,
				8939B49029E4AA5300AC5D86 /* ImageSaver.swift */,
			);
			path = "View Model";
			sourceTree = "<group>";
		};
		8925F7AC29E1A91A00411E1C /* View */ = {
			isa = PBXGroup;
			children = (
				89B169FC29E804080004D00E /* Lottie */,
				896C307829E2F075009EDCAB /* Components */,
				8925F7AD29E1A93300411E1C /* ChatView.swift */,
				8925F7AF29E1E60F00411E1C /* ImageView.swift */,
				89B169FF29E804530004D00E /* LottieView.swift */,
			);
			path = View;
			sourceTree = "<group>";
		};
		896C307829E2F075009EDCAB /* Components */ = {
			isa = PBXGroup;
			children = (
				896C307929E2F09B009EDCAB /* RequestField.swift */,
				896C307D29E31483009EDCAB /* MessageView.swift */,
			);
			path = Components;
			sourceTree = "<group>";
		};
		89B169FC29E804080004D00E /* Lottie */ = {
			isa = PBXGroup;
			children = (
				89B169FD29E804270004D00E /* loading.json */,
				89B16A0129E814540004D00E /* 99109-loading.json */,
			);
			path = Lottie;
			sourceTree = "<group>";
		};
		C7935A2D9A0FF35BECB05560 /* Pods */ = {
			isa = PBXGroup;
			children = (
				645DAA942BF592F7196181ED /* Pods-ChatGPT Mobile.debug.xcconfig */,
				03C3F243DF54AE520F147B61 /* Pods-ChatGPT Mobile.release.xcconfig */,
			);
			path = Pods;
			sourceTree = "<group>";
		};
/* End PBXGroup section */

/* Begin PBXNativeTarget section */
		8925F79329E19F0A00411E1C /* ChatGPT Mobile */ = {
			isa = PBXNativeTarget;
			buildConfigurationList = 8925F7A329E19F0C00411E1C /* Build configuration list for PBXNativeTarget "ChatGPT Mobile" */;
			buildPhases = (
				BE6E8D5488FE10D4902FF1C2 /* [CP] Check Pods Manifest.lock */,
				8925F79029E19F0A00411E1C /* Sources */,
				8925F79129E19F0A00411E1C /* Frameworks */,
				8925F79229E19F0A00411E1C /* Resources */,
				B3796F074D0779FC2A4799CD /* [CP] Embed Pods Frameworks */,
			);
			buildRules = (
			);
			dependencies = (
			);
			name = "ChatGPT Mobile";
			packageProductDependencies = (
				8925F7A729E1A33600411E1C /* OpenAI */,
			);
			productName = "ChatGPT Mobile";
			productReference = 8925F79429E19F0A00411E1C /* ChatGPT Mobile.app */;
			productType = "com.apple.product-type.application";
		};
/* End PBXNativeTarget section */

/* Begin PBXProject section */
		8925F78C29E19F0A00411E1C /* Project object */ = {
			isa = PBXProject;
			attributes = {
				BuildIndependentTargetsInParallel = 1;
				LastSwiftUpdateCheck = 1430;
				LastUpgradeCheck = 1430;
				TargetAttributes = {
					8925F79329E19F0A00411E1C = {
						CreatedOnToolsVersion = 14.3;
					};
				};
			};
			buildConfigurationList = 8925F78F29E19F0A00411E1C /* Build configuration list for PBXProject "ChatGPT Mobile" */;
			compatibilityVersion = "Xcode 14.0";
			developmentRegion = en;
			hasScannedForEncodings = 0;
			knownRegions = (
				en,
				Base,
			);
			mainGroup = 8925F78B29E19F0A00411E1C;
			packageReferences = (
				8925F7A629E1A33600411E1C /* XCRemoteSwiftPackageReference "OpenAI" */,
			);
			productRefGroup = 8925F79529E19F0A00411E1C /* Products */;
			projectDirPath = "";
			projectRoot = "";
			targets = (
				8925F79329E19F0A00411E1C /* ChatGPT Mobile */,
			);
		};
/* End PBXProject section */

/* Begin PBXResourcesBuildPhase section */
		8925F79229E19F0A00411E1C /* Resources */ = {
			isa = PBXResourcesBuildPhase;
			buildActionMask = 2147483647;
			files = (
				8925F7A029E19F0C00411E1C /* Preview Assets.xcassets in Resources */,
				89B16A0229E814540004D00E /* 99109-loading.json in Resources */,
				8925F79C29E19F0C00411E1C /* Assets.xcassets in Resources */,
				89B169FE29E804270004D00E /* loading.json in Resources */,
			);
			runOnlyForDeploymentPostprocessing = 0;
		};
/* End PBXResourcesBuildPhase section */

/* Begin PBXShellScriptBuildPhase section */
		B3796F074D0779FC2A4799CD /* [CP] Embed Pods Frameworks */ = {
			isa = PBXShellScriptBuildPhase;
			buildActionMask = 2147483647;
			files = (
			);
			inputFileListPaths = (
				"${PODS_ROOT}/Target Support Files/Pods-ChatGPT Mobile/Pods-ChatGPT Mobile-frameworks-${CONFIGURATION}-input-files.xcfilelist",
			);
			name = "[CP] Embed Pods Frameworks";
			outputFileListPaths = (
				"${PODS_ROOT}/Target Support Files/Pods-ChatGPT Mobile/Pods-ChatGPT Mobile-frameworks-${CONFIGURATION}-output-files.xcfilelist",
			);
			runOnlyForDeploymentPostprocessing = 0;
			shellPath = /bin/sh;
			shellScript = "\"${PODS_ROOT}/Target Support Files/Pods-ChatGPT Mobile/Pods-ChatGPT Mobile-frameworks.sh\"\n";
			showEnvVarsInLog = 0;
		};
		BE6E8D5488FE10D4902FF1C2 /* [CP] Check Pods Manifest.lock */ = {
			isa = PBXShellScriptBuildPhase;
			buildActionMask = 2147483647;
			files = (
			);
			inputFileListPaths = (
			);
			inputPaths = (
				"${PODS_PODFILE_DIR_PATH}/Podfile.lock",
				"${PODS_ROOT}/Manifest.lock",
			);
			name = "[CP] Check Pods Manifest.lock";
			outputFileListPaths = (
			);
			outputPaths = (
				"$(DERIVED_FILE_DIR)/Pods-ChatGPT Mobile-checkManifestLockResult.txt",
			);
			runOnlyForDeploymentPostprocessing = 0;
			shellPath = /bin/sh;
			shellScript = "diff \"${PODS_PODFILE_DIR_PATH}/Podfile.lock\" \"${PODS_ROOT}/Manifest.lock\" > /dev/null\nif [ $? != 0 ] ; then\n    # print error to STDERR\n    echo \"error: The sandbox is not in sync with the Podfile.lock. Run 'pod install' or update your CocoaPods installation.\" >&2\n    exit 1\nfi\n# This output is used by Xcode 'outputs' to avoid re-running this script phase.\necho \"SUCCESS\" > \"${SCRIPT_OUTPUT_FILE_0}\"\n";
			showEnvVarsInLog = 0;
		};
/* End PBXShellScriptBuildPhase section */

/* Begin PBXSourcesBuildPhase section */
		8925F79029E19F0A00411E1C /* Sources */ = {
			isa = PBXSourcesBuildPhase;
			buildActionMask = 2147483647;
			files = (
				8925F7B029E1E60F00411E1C /* ImageView.swift in Sources */,
				896C307C29E2F36F009EDCAB /* Downloader.swift in Sources */,
				8925F7AB29E1A3A700411E1C /* ChatGPTMobileViewModel.swift in Sources */,
				8925F7AE29E1A93300411E1C /* ChatView.swift in Sources */,
				8939B49129E4AA5300AC5D86 /* ImageSaver.swift in Sources */,
				896C307E29E31483009EDCAB /* MessageView.swift in Sources */,
				8925F79A29E19F0A00411E1C /* ContentView.swift in Sources */,
				89B16A0029E804530004D00E /* LottieView.swift in Sources */,
				8925F79829E19F0A00411E1C /* ChatGPT_MobileApp.swift in Sources */,
				896C307A29E2F09B009EDCAB /* RequestField.swift in Sources */,
			);
			runOnlyForDeploymentPostprocessing = 0;
		};
/* End PBXSourcesBuildPhase section */

/* Begin XCBuildConfiguration section */
		8925F7A129E19F0C00411E1C /* Debug */ = {
			isa = XCBuildConfiguration;
			buildSettings = {
				ALWAYS_SEARCH_USER_PATHS = NO;
				CLANG_ANALYZER_NONNULL = YES;
				CLANG_ANALYZER_NUMBER_OBJECT_CONVERSION = YES_AGGRESSIVE;
				CLANG_CXX_LANGUAGE_STANDARD = "gnu++20";
				CLANG_ENABLE_MODULES = YES;
				CLANG_ENABLE_OBJC_ARC = YES;
				CLANG_ENABLE_OBJC_WEAK = YES;
				CLANG_WARN_BLOCK_CAPTURE_AUTORELEASING = YES;
				CLANG_WARN_BOOL_CONVERSION = YES;
				CLANG_WARN_COMMA = YES;
				CLANG_WARN_CONSTANT_CONVERSION = YES;
				CLANG_WARN_DEPRECATED_OBJC_IMPLEMENTATIONS = YES;
				CLANG_WARN_DIRECT_OBJC_ISA_USAGE = YES_ERROR;
				CLANG_WARN_DOCUMENTATION_COMMENTS = YES;
				CLANG_WARN_EMPTY_BODY = YES;
				CLANG_WARN_ENUM_CONVERSION = YES;
				CLANG_WARN_INFINITE_RECURSION = YES;
				CLANG_WARN_INT_CONVERSION = YES;
				CLANG_WARN_NON_LITERAL_NULL_CONVERSION = YES;
				CLANG_WARN_OBJC_IMPLICIT_RETAIN_SELF = YES;
				CLANG_WARN_OBJC_LITERAL_CONVERSION = YES;
				CLANG_WARN_OBJC_ROOT_CLASS = YES_ERROR;
				CLANG_WARN_QUOTED_INCLUDE_IN_FRAMEWORK_HEADER = YES;
				CLANG_WARN_RANGE_LOOP_ANALYSIS = YES;
				CLANG_WARN_STRICT_PROTOTYPES = YES;
				CLANG_WARN_SUSPICIOUS_MOVE = YES;
				CLANG_WARN_UNGUARDED_AVAILABILITY = YES_AGGRESSIVE;
				CLANG_WARN_UNREACHABLE_CODE = YES;
				CLANG_WARN__DUPLICATE_METHOD_MATCH = YES;
				COPY_PHASE_STRIP = NO;
				DEBUG_INFORMATION_FORMAT = dwarf;
				ENABLE_STRICT_OBJC_MSGSEND = YES;
				ENABLE_TESTABILITY = YES;
				GCC_C_LANGUAGE_STANDARD = gnu11;
				GCC_DYNAMIC_NO_PIC = NO;
				GCC_NO_COMMON_BLOCKS = YES;
				GCC_OPTIMIZATION_LEVEL = 0;
				GCC_PREPROCESSOR_DEFINITIONS = (
					"DEBUG=1",
					"$(inherited)",
				);
				GCC_WARN_64_TO_32_BIT_CONVERSION = YES;
				GCC_WARN_ABOUT_RETURN_TYPE = YES_ERROR;
				GCC_WARN_UNDECLARED_SELECTOR = YES;
				GCC_WARN_UNINITIALIZED_AUTOS = YES_AGGRESSIVE;
				GCC_WARN_UNUSED_FUNCTION = YES;
				GCC_WARN_UNUSED_VARIABLE = YES;
				MTL_ENABLE_DEBUG_INFO = INCLUDE_SOURCE;
				MTL_FAST_MATH = YES;
				ONLY_ACTIVE_ARCH = YES;
				SWIFT_ACTIVE_COMPILATION_CONDITIONS = DEBUG;
				SWIFT_OPTIMIZATION_LEVEL = "-Onone";
			};
			name = Debug;
		};
		8925F7A229E19F0C00411E1C /* Release */ = {
			isa = XCBuildConfiguration;
			buildSettings = {
				ALWAYS_SEARCH_USER_PATHS = NO;
				CLANG_ANALYZER_NONNULL = YES;
				CLANG_ANALYZER_NUMBER_OBJECT_CONVERSION = YES_AGGRESSIVE;
				CLANG_CXX_LANGUAGE_STANDARD = "gnu++20";
				CLANG_ENABLE_MODULES = YES;
				CLANG_ENABLE_OBJC_ARC = YES;
				CLANG_ENABLE_OBJC_WEAK = YES;
				CLANG_WARN_BLOCK_CAPTURE_AUTORELEASING = YES;
				CLANG_WARN_BOOL_CONVERSION = YES;
				CLANG_WARN_COMMA = YES;
				CLANG_WARN_CONSTANT_CONVERSION = YES;
				CLANG_WARN_DEPRECATED_OBJC_IMPLEMENTATIONS = YES;
				CLANG_WARN_DIRECT_OBJC_ISA_USAGE = YES_ERROR;
				CLANG_WARN_DOCUMENTATION_COMMENTS = YES;
				CLANG_WARN_EMPTY_BODY = YES;
				CLANG_WARN_ENUM_CONVERSION = YES;
				CLANG_WARN_INFINITE_RECURSION = YES;
				CLANG_WARN_INT_CONVERSION = YES;
				CLANG_WARN_NON_LITERAL_NULL_CONVERSION = YES;
				CLANG_WARN_OBJC_IMPLICIT_RETAIN_SELF = YES;
				CLANG_WARN_OBJC_LITERAL_CONVERSION = YES;
				CLANG_WARN_OBJC_ROOT_CLASS = YES_ERROR;
				CLANG_WARN_QUOTED_INCLUDE_IN_FRAMEWORK_HEADER = YES;
				CLANG_WARN_RANGE_LOOP_ANALYSIS = YES;
				CLANG_WARN_STRICT_PROTOTYPES = YES;
				CLANG_WARN_SUSPICIOUS_MOVE = YES;
				CLANG_WARN_UNGUARDED_AVAILABILITY = YES_AGGRESSIVE;
				CLANG_WARN_UNREACHABLE_CODE = YES;
				CLANG_WARN__DUPLICATE_METHOD_MATCH = YES;
				COPY_PHASE_STRIP = NO;
				DEBUG_INFORMATION_FORMAT = "dwarf-with-dsym";
				ENABLE_NS_ASSERTIONS = NO;
				ENABLE_STRICT_OBJC_MSGSEND = YES;
				GCC_C_LANGUAGE_STANDARD = gnu11;
				GCC_NO_COMMON_BLOCKS = YES;
				GCC_WARN_64_TO_32_BIT_CONVERSION = YES;
				GCC_WARN_ABOUT_RETURN_TYPE = YES_ERROR;
				GCC_WARN_UNDECLARED_SELECTOR = YES;
				GCC_WARN_UNINITIALIZED_AUTOS = YES_AGGRESSIVE;
				GCC_WARN_UNUSED_FUNCTION = YES;
				GCC_WARN_UNUSED_VARIABLE = YES;
				MTL_ENABLE_DEBUG_INFO = NO;
				MTL_FAST_MATH = YES;
				SWIFT_COMPILATION_MODE = wholemodule;
				SWIFT_OPTIMIZATION_LEVEL = "-O";
			};
			name = Release;
		};
		8925F7A429E19F0C00411E1C /* Debug */ = {
			isa = XCBuildConfiguration;
			baseConfigurationReference = 645DAA942BF592F7196181ED /* Pods-ChatGPT Mobile.debug.xcconfig */;
			buildSettings = {
				ASSETCATALOG_COMPILER_APPICON_NAME = AppIcon;
				ASSETCATALOG_COMPILER_GLOBAL_ACCENT_COLOR_NAME = AccentColor;
				CODE_SIGN_ENTITLEMENTS = "ChatGPT Mobile/ChatGPT_Mobile.entitlements";
				CODE_SIGN_STYLE = Automatic;
				CURRENT_PROJECT_VERSION = 1;
				DEVELOPMENT_ASSET_PATHS = "\"ChatGPT Mobile/Preview Content\"";
				DEVELOPMENT_TEAM = FSGMDDB4P8;
				ENABLE_HARDENED_RUNTIME = YES;
				ENABLE_PREVIEWS = YES;
				GENERATE_INFOPLIST_FILE = YES;
				INFOPLIST_FILE = "ChatGPT-Mobile-Info.plist";
				INFOPLIST_KEY_NSPhotoLibraryAddUsageDescription = "wants to get acces to your photo library";
				"INFOPLIST_KEY_UIApplicationSceneManifest_Generation[sdk=iphoneos*]" = YES;
				"INFOPLIST_KEY_UIApplicationSceneManifest_Generation[sdk=iphonesimulator*]" = YES;
				"INFOPLIST_KEY_UIApplicationSupportsIndirectInputEvents[sdk=iphoneos*]" = YES;
				"INFOPLIST_KEY_UIApplicationSupportsIndirectInputEvents[sdk=iphonesimulator*]" = YES;
				"INFOPLIST_KEY_UILaunchScreen_Generation[sdk=iphoneos*]" = YES;
				"INFOPLIST_KEY_UILaunchScreen_Generation[sdk=iphonesimulator*]" = YES;
				"INFOPLIST_KEY_UIStatusBarStyle[sdk=iphoneos*]" = UIStatusBarStyleDefault;
				"INFOPLIST_KEY_UIStatusBarStyle[sdk=iphonesimulator*]" = UIStatusBarStyleDefault;
				INFOPLIST_KEY_UISupportedInterfaceOrientations_iPad = "UIInterfaceOrientationPortrait UIInterfaceOrientationPortraitUpsideDown UIInterfaceOrientationLandscapeLeft UIInterfaceOrientationLandscapeRight";
				INFOPLIST_KEY_UISupportedInterfaceOrientations_iPhone = "UIInterfaceOrientationPortrait UIInterfaceOrientationLandscapeLeft UIInterfaceOrientationLandscapeRight";
				IPHONEOS_DEPLOYMENT_TARGET = 16.4;
				LD_RUNPATH_SEARCH_PATHS = "@executable_path/Frameworks";
				"LD_RUNPATH_SEARCH_PATHS[sdk=macosx*]" = "@executable_path/../Frameworks";
				MACOSX_DEPLOYMENT_TARGET = 13.3;
				MARKETING_VERSION = 1.0;
				PRODUCT_BUNDLE_IDENTIFIER = "com.icloud-bubiryov.ChatGPT-Mobile";
				PRODUCT_NAME = "$(TARGET_NAME)";
				SDKROOT = auto;
				SUPPORTED_PLATFORMS = "iphoneos iphonesimulator macosx";
				SWIFT_EMIT_LOC_STRINGS = YES;
				SWIFT_VERSION = 5.0;
				TARGETED_DEVICE_FAMILY = "1,2";
			};
			name = Debug;
		};
		8925F7A529E19F0C00411E1C /* Release */ = {
			isa = XCBuildConfiguration;
			baseConfigurationReference = 03C3F243DF54AE520F147B61 /* Pods-ChatGPT Mobile.release.xcconfig */;
			buildSettings = {
				ASSETCATALOG_COMPILER_APPICON_NAME = AppIcon;
				ASSETCATALOG_COMPILER_GLOBAL_ACCENT_COLOR_NAME = AccentColor;
				CODE_SIGN_ENTITLEMENTS = "ChatGPT Mobile/ChatGPT_Mobile.entitlements";
				CODE_SIGN_STYLE = Automatic;
				CURRENT_PROJECT_VERSION = 1;
				DEVELOPMENT_ASSET_PATHS = "\"ChatGPT Mobile/Preview Content\"";
				DEVELOPMENT_TEAM = FSGMDDB4P8;
				ENABLE_HARDENED_RUNTIME = YES;
				ENABLE_PREVIEWS = YES;
				GENERATE_INFOPLIST_FILE = YES;
				INFOPLIST_FILE = "ChatGPT-Mobile-Info.plist";
				INFOPLIST_KEY_NSPhotoLibraryAddUsageDescription = "wants to get acces to your photo library";
				"INFOPLIST_KEY_UIApplicationSceneManifest_Generation[sdk=iphoneos*]" = YES;
				"INFOPLIST_KEY_UIApplicationSceneManifest_Generation[sdk=iphonesimulator*]" = YES;
				"INFOPLIST_KEY_UIApplicationSupportsIndirectInputEvents[sdk=iphoneos*]" = YES;
				"INFOPLIST_KEY_UIApplicationSupportsIndirectInputEvents[sdk=iphonesimulator*]" = YES;
				"INFOPLIST_KEY_UILaunchScreen_Generation[sdk=iphoneos*]" = YES;
				"INFOPLIST_KEY_UILaunchScreen_Generation[sdk=iphonesimulator*]" = YES;
				"INFOPLIST_KEY_UIStatusBarStyle[sdk=iphoneos*]" = UIStatusBarStyleDefault;
				"INFOPLIST_KEY_UIStatusBarStyle[sdk=iphonesimulator*]" = UIStatusBarStyleDefault;
				INFOPLIST_KEY_UISupportedInterfaceOrientations_iPad = "UIInterfaceOrientationPortrait UIInterfaceOrientationPortraitUpsideDown UIInterfaceOrientationLandscapeLeft UIInterfaceOrientationLandscapeRight";
				INFOPLIST_KEY_UISupportedInterfaceOrientations_iPhone = "UIInterfaceOrientationPortrait UIInterfaceOrientationLandscapeLeft UIInterfaceOrientationLandscapeRight";
				IPHONEOS_DEPLOYMENT_TARGET = 16.4;
				LD_RUNPATH_SEARCH_PATHS = "@executable_path/Frameworks";
				"LD_RUNPATH_SEARCH_PATHS[sdk=macosx*]" = "@executable_path/../Frameworks";
				MACOSX_DEPLOYMENT_TARGET = 13.3;
				MARKETING_VERSION = 1.0;
				PRODUCT_BUNDLE_IDENTIFIER = "com.icloud-bubiryov.ChatGPT-Mobile";
				PRODUCT_NAME = "$(TARGET_NAME)";
				SDKROOT = auto;
				SUPPORTED_PLATFORMS = "iphoneos iphonesimulator macosx";
				SWIFT_EMIT_LOC_STRINGS = YES;
				SWIFT_VERSION = 5.0;
				TARGETED_DEVICE_FAMILY = "1,2";
			};
			name = Release;
		};
/* End XCBuildConfiguration section */

/* Begin XCConfigurationList section */
		8925F78F29E19F0A00411E1C /* Build configuration list for PBXProject "ChatGPT Mobile" */ = {
			isa = XCConfigurationList;
			buildConfigurations = (
				8925F7A129E19F0C00411E1C /* Debug */,
				8925F7A229E19F0C00411E1C /* Release */,
			);
			defaultConfigurationIsVisible = 0;
			defaultConfigurationName = Release;
		};
		8925F7A329E19F0C00411E1C /* Build configuration list for PBXNativeTarget "ChatGPT Mobile" */ = {
			isa = XCConfigurationList;
			buildConfigurations = (
				8925F7A429E19F0C00411E1C /* Debug */,
				8925F7A529E19F0C00411E1C /* Release */,
			);
			defaultConfigurationIsVisible = 0;
			defaultConfigurationName = Release;
		};
/* End XCConfigurationList section */

/* Begin XCRemoteSwiftPackageReference section */
		8925F7A629E1A33600411E1C /* XCRemoteSwiftPackageReference "OpenAI" */ = {
			isa = XCRemoteSwiftPackageReference;
			repositoryURL = "https://github.com/MacPaw/OpenAI";
			requirement = {
				kind = upToNextMajorVersion;
				minimumVersion = 0.0.9;
			};
		};
/* End XCRemoteSwiftPackageReference section */

/* Begin XCSwiftPackageProductDependency section */
		8925F7A729E1A33600411E1C /* OpenAI */ = {
			isa = XCSwiftPackageProductDependency;
			package = 8925F7A629E1A33600411E1C /* XCRemoteSwiftPackageReference "OpenAI" */;
			productName = OpenAI;
		};
/* End XCSwiftPackageProductDependency section */
	};
	rootObject = 8925F78C29E19F0A00411E1C /* Project object */;
}
